
Microsoft Visual Studio Solution File, Format Version 12.00
# Visual Studio Version 17
VisualStudioVersion = 17.2.32519.379
MinimumVisualStudioVersion = 10.0.40219.1
Project("{FAE04EC0-301F-11D3-BF4B-00C04F79EFBC}") = "folder_hierarchy_copy", "folder_hierarchy_copy\folder_hierarchy_copy.csproj", "{D304C3FD-FE3A-45FD-9FD2-9EDCAE68C0AA}"
EndProject
Global
	GlobalSection(SolutionConfigurationPlatforms) = preSolution
		Debug|Any CPU = Debug|Any CPU
		Release|Any CPU = Release|Any CPU
	EndGlobalSection
	GlobalSection(ProjectConfigurationPlatforms) = postSolution
		{D304C3FD-FE3A-45FD-9FD2-9EDCAE68C0AA}.Debug|Any CPU.ActiveCfg = Debug|Any CPU
		{D304C3FD-FE3A-45FD-9FD2-9EDCAE68C0AA}.Debug|Any CPU.Build.0 = Debug|Any CPU
		{D304C3FD-FE3A-45FD-9FD2-9EDCAE68C0AA}.Release|Any CPU.ActiveCfg = Release|Any CPU
		{D304C3FD-FE3A-45FD-9FD2-9EDCAE68C0AA}.Release|Any CPU.Build.0 = Release|Any CPU
	EndGlobalSection
	GlobalSection(SolutionProperties) = preSolution
		HideSolutionNode = FALSE
	EndGlobalSection
	GlobalSection(ExtensibilityGlobals) = postSolution
		SolutionGuid = {6E6D4F05-1BC8-42F8-9176-CDC7D22D4585}
	EndGlobalSection
EndGlobal
